
Microsoft Visual Studio Solution File, Format Version 12.00
# Visual Studio Version 17
VisualStudioVersion = 17.4.33403.182
MinimumVisualStudioVersion = 10.0.40219.1
Project("{FAE04EC0-301F-11D3-BF4B-00C04F79EFBC}") = "StrainBrainService", "StrainBrainService\StrainBrainService.csproj", "{B7A8936E-9D7A-481D-9E0F-01800AEF85A1}"
EndProject
Global
	GlobalSection(SolutionConfigurationPlatforms) = preSolution
		Debug|Any CPU = Debug|Any CPU
		Release|Any CPU = Release|Any CPU
	EndGlobalSection
	GlobalSection(ProjectConfigurationPlatforms) = postSolution
		{B7A8936E-9D7A-481D-9E0F-01800AEF85A1}.Debug|Any CPU.ActiveCfg = Debug|Any CPU
		{B7A8936E-9D7A-481D-9E0F-01800AEF85A1}.Debug|Any CPU.Build.0 = Debug|Any CPU
		{B7A8936E-9D7A-481D-9E0F-01800AEF85A1}.Release|Any CPU.ActiveCfg = Release|Any CPU
		{B7A8936E-9D7A-481D-9E0F-01800AEF85A1}.Release|Any CPU.Build.0 = Release|Any CPU
	EndGlobalSection
	GlobalSection(SolutionProperties) = preSolution
		HideSolutionNode = FALSE
	EndGlobalSection
	GlobalSection(ExtensibilityGlobals) = postSolution
		SolutionGuid = {D35E73C3-F5D6-4B32-B4D0-673B9951A5B8}
	EndGlobalSection
EndGlobal
